// !$*UTF8*$!
{
	archiveVersion = 1;
	classes = {
	};
	objectVersion = 56;
	objects = {

/* Begin PBXBuildFile section */
		DE12872F2BDC10EA00E6F51E /* SideBarItemType.swift in Sources */ = {isa = PBXBuildFile; fileRef = DE12872E2BDC10EA00E6F51E /* SideBarItemType.swift */; };
		DE1287332BDC11AA00E6F51E /* ItemSidebar.swift in Sources */ = {isa = PBXBuildFile; fileRef = DE1287322BDC11AA00E6F51E /* ItemSidebar.swift */; };
		DE1287352BDC120A00E6F51E /* SidebarView.swift in Sources */ = {isa = PBXBuildFile; fileRef = DE1287342BDC120A00E6F51E /* SidebarView.swift */; };
		DE1287372BDC123500E6F51E /* SidebarViewModel.swift in Sources */ = {isa = PBXBuildFile; fileRef = DE1287362BDC123500E6F51E /* SidebarViewModel.swift */; };
		DE12873B2BDC128300E6F51E /* SidebarConstants.swift in Sources */ = {isa = PBXBuildFile; fileRef = DE12873A2BDC128300E6F51E /* SidebarConstants.swift */; };
		DEBEF99C2BDBE5E800812B6E /* swift_studiesApp.swift in Sources */ = {isa = PBXBuildFile; fileRef = DEBEF99B2BDBE5E800812B6E /* swift_studiesApp.swift */; };
		DEBEF99E2BDBE5E800812B6E /* ContentView.swift in Sources */ = {isa = PBXBuildFile; fileRef = DEBEF99D2BDBE5E800812B6E /* ContentView.swift */; };
		DEBEF9A02BDBE5EA00812B6E /* Assets.xcassets in Resources */ = {isa = PBXBuildFile; fileRef = DEBEF99F2BDBE5EA00812B6E /* Assets.xcassets */; };
		DEBEF9A32BDBE5EA00812B6E /* Preview Assets.xcassets in Resources */ = {isa = PBXBuildFile; fileRef = DEBEF9A22BDBE5EA00812B6E /* Preview Assets.xcassets */; };
		DEBEF9AE2BDBEB9900812B6E /* Header.swift in Sources */ = {isa = PBXBuildFile; fileRef = DEBEF9AD2BDBEB9900812B6E /* Header.swift */; };
/* End PBXBuildFile section */

/* Begin PBXFileReference section */
		DE12872E2BDC10EA00E6F51E /* SideBarItemType.swift */ = {isa = PBXFileReference; lastKnownFileType = sourcecode.swift; path = SideBarItemType.swift; sourceTree = "<group>"; };
		DE1287322BDC11AA00E6F51E /* ItemSidebar.swift */ = {isa = PBXFileReference; lastKnownFileType = sourcecode.swift; path = ItemSidebar.swift; sourceTree = "<group>"; };
		DE1287342BDC120A00E6F51E /* SidebarView.swift */ = {isa = PBXFileReference; lastKnownFileType = sourcecode.swift; path = SidebarView.swift; sourceTree = "<group>"; };
		DE1287362BDC123500E6F51E /* SidebarViewModel.swift */ = {isa = PBXFileReference; lastKnownFileType = sourcecode.swift; path = SidebarViewModel.swift; sourceTree = "<group>"; };
		DE12873A2BDC128300E6F51E /* SidebarConstants.swift */ = {isa = PBXFileReference; lastKnownFileType = sourcecode.swift; path = SidebarConstants.swift; sourceTree = "<group>"; };
		DEBEF9982BDBE5E800812B6E /* swift-studies.app */ = {isa = PBXFileReference; explicitFileType = wrapper.application; includeInIndex = 0; path = "swift-studies.app"; sourceTree = BUILT_PRODUCTS_DIR; };
		DEBEF99B2BDBE5E800812B6E /* swift_studiesApp.swift */ = {isa = PBXFileReference; lastKnownFileType = sourcecode.swift; path = swift_studiesApp.swift; sourceTree = "<group>"; };
		DEBEF99D2BDBE5E800812B6E /* ContentView.swift */ = {isa = PBXFileReference; lastKnownFileType = sourcecode.swift; path = ContentView.swift; sourceTree = "<group>"; };
		DEBEF99F2BDBE5EA00812B6E /* Assets.xcassets */ = {isa = PBXFileReference; lastKnownFileType = folder.assetcatalog; path = Assets.xcassets; sourceTree = "<group>"; };
		DEBEF9A22BDBE5EA00812B6E /* Preview Assets.xcassets */ = {isa = PBXFileReference; lastKnownFileType = folder.assetcatalog; path = "Preview Assets.xcassets"; sourceTree = "<group>"; };
		DEBEF9AD2BDBEB9900812B6E /* Header.swift */ = {isa = PBXFileReference; lastKnownFileType = sourcecode.swift; path = Header.swift; sourceTree = "<group>"; };
/* End PBXFileReference section */

/* Begin PBXFrameworksBuildPhase section */
		DEBEF9952BDBE5E800812B6E /* Frameworks */ = {
			isa = PBXFrameworksBuildPhase;
			buildActionMask = 2147483647;
			files = (
			);
			runOnlyForDeploymentPostprocessing = 0;
		};
/* End PBXFrameworksBuildPhase section */

/* Begin PBXGroup section */
		DE1287232BDC0F7D00E6F51E /* Sidebar */ = {
			isa = PBXGroup;
			children = (
				DE1287392BDC126600E6F51E /* Constants */,
				DE1287302BDC119000E6F51E /* Components */,
				DE1287342BDC120A00E6F51E /* SidebarView.swift */,
				DE1287362BDC123500E6F51E /* SidebarViewModel.swift */,
			);
			path = Sidebar;
			sourceTree = "<group>";
		};
		DE12872A2BDC102900E6F51E /* Domain */ = {
			isa = PBXGroup;
			children = (
				DE12872B2BDC102D00E6F51E /* Types */,
			);
			path = Domain;
			sourceTree = "<group>";
		};
		DE12872B2BDC102D00E6F51E /* Types */ = {
			isa = PBXGroup;
			children = (
				DE12872E2BDC10EA00E6F51E /* SideBarItemType.swift */,
			);
			path = Types;
			sourceTree = "<group>";
		};
		DE1287302BDC119000E6F51E /* Components */ = {
			isa = PBXGroup;
			children = (
				DE1287312BDC119600E6F51E /* ItemSidebar */,
			);
			path = Components;
			sourceTree = "<group>";
		};
		DE1287312BDC119600E6F51E /* ItemSidebar */ = {
			isa = PBXGroup;
			children = (
				DE1287322BDC11AA00E6F51E /* ItemSidebar.swift */,
			);
			path = ItemSidebar;
			sourceTree = "<group>";
		};
		DE1287392BDC126600E6F51E /* Constants */ = {
			isa = PBXGroup;
			children = (
				DE12873A2BDC128300E6F51E /* SidebarConstants.swift */,
			);
			path = Constants;
			sourceTree = "<group>";
		};
		DEBEF98F2BDBE5E800812B6E = {
			isa = PBXGroup;
			children = (
				DEBEF99A2BDBE5E800812B6E /* swift-studies */,
				DEBEF9992BDBE5E800812B6E /* Products */,
			);
			sourceTree = "<group>";
		};
		DEBEF9992BDBE5E800812B6E /* Products */ = {
			isa = PBXGroup;
			children = (
				DEBEF9982BDBE5E800812B6E /* swift-studies.app */,
			);
			name = Products;
			sourceTree = "<group>";
		};
		DEBEF99A2BDBE5E800812B6E /* swift-studies */ = {
			isa = PBXGroup;
			children = (
				DE12872A2BDC102900E6F51E /* Domain */,
				DEBEF9AA2BDBEB6E00812B6E /* Screens */,
				DEBEF9A92BDBEB5D00812B6E /* Components */,
				DEBEF99B2BDBE5E800812B6E /* swift_studiesApp.swift */,
				DEBEF99D2BDBE5E800812B6E /* ContentView.swift */,
				DEBEF99F2BDBE5EA00812B6E /* Assets.xcassets */,
				DEBEF9A12BDBE5EA00812B6E /* Preview Content */,
			);
			path = "swift-studies";
			sourceTree = "<group>";
		};
		DEBEF9A12BDBE5EA00812B6E /* Preview Content */ = {
			isa = PBXGroup;
			children = (
				DEBEF9A22BDBE5EA00812B6E /* Preview Assets.xcassets */,
			);
			path = "Preview Content";
			sourceTree = "<group>";
		};
		DEBEF9A92BDBEB5D00812B6E /* Components */ = {
			isa = PBXGroup;
			children = (
				DE1287232BDC0F7D00E6F51E /* Sidebar */,
				DEBEF9AC2BDBEB8400812B6E /* Header */,
			);
			path = Components;
			sourceTree = "<group>";
		};
		DEBEF9AA2BDBEB6E00812B6E /* Screens */ = {
			isa = PBXGroup;
			children = (
			);
			path = Screens;
			sourceTree = "<group>";
		};
		DEBEF9AC2BDBEB8400812B6E /* Header */ = {
			isa = PBXGroup;
			children = (
				DEBEF9AD2BDBEB9900812B6E /* Header.swift */,
			);
			path = Header;
			sourceTree = "<group>";
		};
/* End PBXGroup section */

/* Begin PBXNativeTarget section */
		DEBEF9972BDBE5E800812B6E /* swift-studies */ = {
			isa = PBXNativeTarget;
			buildConfigurationList = DEBEF9A62BDBE5EA00812B6E /* Build configuration list for PBXNativeTarget "swift-studies" */;
			buildPhases = (
				DEBEF9942BDBE5E800812B6E /* Sources */,
				DEBEF9952BDBE5E800812B6E /* Frameworks */,
				DEBEF9962BDBE5E800812B6E /* Resources */,
			);
			buildRules = (
			);
			dependencies = (
			);
			name = "swift-studies";
			productName = "swift-studies";
			productReference = DEBEF9982BDBE5E800812B6E /* swift-studies.app */;
			productType = "com.apple.product-type.application";
		};
/* End PBXNativeTarget section */

/* Begin PBXProject section */
		DEBEF9902BDBE5E800812B6E /* Project object */ = {
			isa = PBXProject;
			attributes = {
				BuildIndependentTargetsInParallel = 1;
				LastSwiftUpdateCheck = 1520;
				LastUpgradeCheck = 1520;
				TargetAttributes = {
					DEBEF9972BDBE5E800812B6E = {
						CreatedOnToolsVersion = 15.2;
					};
				};
			};
			buildConfigurationList = DEBEF9932BDBE5E800812B6E /* Build configuration list for PBXProject "swift-studies" */;
			compatibilityVersion = "Xcode 14.0";
			developmentRegion = en;
			hasScannedForEncodings = 0;
			knownRegions = (
				en,
				Base,
			);
			mainGroup = DEBEF98F2BDBE5E800812B6E;
			productRefGroup = DEBEF9992BDBE5E800812B6E /* Products */;
			projectDirPath = "";
			projectRoot = "";
			targets = (
				DEBEF9972BDBE5E800812B6E /* swift-studies */,
			);
		};
/* End PBXProject section */

/* Begin PBXResourcesBuildPhase section */
		DEBEF9962BDBE5E800812B6E /* Resources */ = {
			isa = PBXResourcesBuildPhase;
			buildActionMask = 2147483647;
			files = (
				DEBEF9A32BDBE5EA00812B6E /* Preview Assets.xcassets in Resources */,
				DEBEF9A02BDBE5EA00812B6E /* Assets.xcassets in Resources */,
			);
			runOnlyForDeploymentPostprocessing = 0;
		};
/* End PBXResourcesBuildPhase section */

/* Begin PBXSourcesBuildPhase section */
		DEBEF9942BDBE5E800812B6E /* Sources */ = {
			isa = PBXSourcesBuildPhase;
			buildActionMask = 2147483647;
			files = (
				DE12873B2BDC128300E6F51E /* SidebarConstants.swift in Sources */,
				DEBEF99E2BDBE5E800812B6E /* ContentView.swift in Sources */,
				DEBEF9AE2BDBEB9900812B6E /* Header.swift in Sources */,
				DEBEF99C2BDBE5E800812B6E /* swift_studiesApp.swift in Sources */,
				DE12872F2BDC10EA00E6F51E /* SideBarItemType.swift in Sources */,
				DE1287372BDC123500E6F51E /* SidebarViewModel.swift in Sources */,
				DE1287332BDC11AA00E6F51E /* ItemSidebar.swift in Sources */,
				DE1287352BDC120A00E6F51E /* SidebarView.swift in Sources */,
			);
			runOnlyForDeploymentPostprocessing = 0;
		};
/* End PBXSourcesBuildPhase section */

/* Begin XCBuildConfiguration section */
		DEBEF9A42BDBE5EA00812B6E /* Debug */ = {
			isa = XCBuildConfiguration;
			buildSettings = {
				ALWAYS_SEARCH_USER_PATHS = NO;
				ASSETCATALOG_COMPILER_GENERATE_SWIFT_ASSET_SYMBOL_EXTENSIONS = YES;
				CLANG_ANALYZER_NONNULL = YES;
				CLANG_ANALYZER_NUMBER_OBJECT_CONVERSION = YES_AGGRESSIVE;
				CLANG_CXX_LANGUAGE_STANDARD = "gnu++20";
				CLANG_ENABLE_MODULES = YES;
				CLANG_ENABLE_OBJC_ARC = YES;
				CLANG_ENABLE_OBJC_WEAK = YES;
				CLANG_WARN_BLOCK_CAPTURE_AUTORELEASING = YES;
				CLANG_WARN_BOOL_CONVERSION = YES;
				CLANG_WARN_COMMA = YES;
				CLANG_WARN_CONSTANT_CONVERSION = YES;
				CLANG_WARN_DEPRECATED_OBJC_IMPLEMENTATIONS = YES;
				CLANG_WARN_DIRECT_OBJC_ISA_USAGE = YES_ERROR;
				CLANG_WARN_DOCUMENTATION_COMMENTS = YES;
				CLANG_WARN_EMPTY_BODY = YES;
				CLANG_WARN_ENUM_CONVERSION = YES;
				CLANG_WARN_INFINITE_RECURSION = YES;
				CLANG_WARN_INT_CONVERSION = YES;
				CLANG_WARN_NON_LITERAL_NULL_CONVERSION = YES;
				CLANG_WARN_OBJC_IMPLICIT_RETAIN_SELF = YES;
				CLANG_WARN_OBJC_LITERAL_CONVERSION = YES;
				CLANG_WARN_OBJC_ROOT_CLASS = YES_ERROR;
				CLANG_WARN_QUOTED_INCLUDE_IN_FRAMEWORK_HEADER = YES;
				CLANG_WARN_RANGE_LOOP_ANALYSIS = YES;
				CLANG_WARN_STRICT_PROTOTYPES = YES;
				CLANG_WARN_SUSPICIOUS_MOVE = YES;
				CLANG_WARN_UNGUARDED_AVAILABILITY = YES_AGGRESSIVE;
				CLANG_WARN_UNREACHABLE_CODE = YES;
				CLANG_WARN__DUPLICATE_METHOD_MATCH = YES;
				COPY_PHASE_STRIP = NO;
				DEBUG_INFORMATION_FORMAT = dwarf;
				ENABLE_STRICT_OBJC_MSGSEND = YES;
				ENABLE_TESTABILITY = YES;
				ENABLE_USER_SCRIPT_SANDBOXING = YES;
				GCC_C_LANGUAGE_STANDARD = gnu17;
				GCC_DYNAMIC_NO_PIC = NO;
				GCC_NO_COMMON_BLOCKS = YES;
				GCC_OPTIMIZATION_LEVEL = 0;
				GCC_PREPROCESSOR_DEFINITIONS = (
					"DEBUG=1",
					"$(inherited)",
				);
				GCC_WARN_64_TO_32_BIT_CONVERSION = YES;
				GCC_WARN_ABOUT_RETURN_TYPE = YES_ERROR;
				GCC_WARN_UNDECLARED_SELECTOR = YES;
				GCC_WARN_UNINITIALIZED_AUTOS = YES_AGGRESSIVE;
				GCC_WARN_UNUSED_FUNCTION = YES;
				GCC_WARN_UNUSED_VARIABLE = YES;
				IPHONEOS_DEPLOYMENT_TARGET = 17.2;
				LOCALIZATION_PREFERS_STRING_CATALOGS = YES;
				MTL_ENABLE_DEBUG_INFO = INCLUDE_SOURCE;
				MTL_FAST_MATH = YES;
				ONLY_ACTIVE_ARCH = YES;
				SDKROOT = iphoneos;
				SWIFT_ACTIVE_COMPILATION_CONDITIONS = "DEBUG $(inherited)";
				SWIFT_OPTIMIZATION_LEVEL = "-Onone";
			};
			name = Debug;
		};
		DEBEF9A52BDBE5EA00812B6E /* Release */ = {
			isa = XCBuildConfiguration;
			buildSettings = {
				ALWAYS_SEARCH_USER_PATHS = NO;
				ASSETCATALOG_COMPILER_GENERATE_SWIFT_ASSET_SYMBOL_EXTENSIONS = YES;
				CLANG_ANALYZER_NONNULL = YES;
				CLANG_ANALYZER_NUMBER_OBJECT_CONVERSION = YES_AGGRESSIVE;
				CLANG_CXX_LANGUAGE_STANDARD = "gnu++20";
				CLANG_ENABLE_MODULES = YES;
				CLANG_ENABLE_OBJC_ARC = YES;
				CLANG_ENABLE_OBJC_WEAK = YES;
				CLANG_WARN_BLOCK_CAPTURE_AUTORELEASING = YES;
				CLANG_WARN_BOOL_CONVERSION = YES;
				CLANG_WARN_COMMA = YES;
				CLANG_WARN_CONSTANT_CONVERSION = YES;
				CLANG_WARN_DEPRECATED_OBJC_IMPLEMENTATIONS = YES;
				CLANG_WARN_DIRECT_OBJC_ISA_USAGE = YES_ERROR;
				CLANG_WARN_DOCUMENTATION_COMMENTS = YES;
				CLANG_WARN_EMPTY_BODY = YES;
				CLANG_WARN_ENUM_CONVERSION = YES;
				CLANG_WARN_INFINITE_RECURSION = YES;
				CLANG_WARN_INT_CONVERSION = YES;
				CLANG_WARN_NON_LITERAL_NULL_CONVERSION = YES;
				CLANG_WARN_OBJC_IMPLICIT_RETAIN_SELF = YES;
				CLANG_WARN_OBJC_LITERAL_CONVERSION = YES;
				CLANG_WARN_OBJC_ROOT_CLASS = YES_ERROR;
				CLANG_WARN_QUOTED_INCLUDE_IN_FRAMEWORK_HEADER = YES;
				CLANG_WARN_RANGE_LOOP_ANALYSIS = YES;
				CLANG_WARN_STRICT_PROTOTYPES = YES;
				CLANG_WARN_SUSPICIOUS_MOVE = YES;
				CLANG_WARN_UNGUARDED_AVAILABILITY = YES_AGGRESSIVE;
				CLANG_WARN_UNREACHABLE_CODE = YES;
				CLANG_WARN__DUPLICATE_METHOD_MATCH = YES;
				COPY_PHASE_STRIP = NO;
				DEBUG_INFORMATION_FORMAT = "dwarf-with-dsym";
				ENABLE_NS_ASSERTIONS = NO;
				ENABLE_STRICT_OBJC_MSGSEND = YES;
				ENABLE_USER_SCRIPT_SANDBOXING = YES;
				GCC_C_LANGUAGE_STANDARD = gnu17;
				GCC_NO_COMMON_BLOCKS = YES;
				GCC_WARN_64_TO_32_BIT_CONVERSION = YES;
				GCC_WARN_ABOUT_RETURN_TYPE = YES_ERROR;
				GCC_WARN_UNDECLARED_SELECTOR = YES;
				GCC_WARN_UNINITIALIZED_AUTOS = YES_AGGRESSIVE;
				GCC_WARN_UNUSED_FUNCTION = YES;
				GCC_WARN_UNUSED_VARIABLE = YES;
				IPHONEOS_DEPLOYMENT_TARGET = 17.2;
				LOCALIZATION_PREFERS_STRING_CATALOGS = YES;
				MTL_ENABLE_DEBUG_INFO = NO;
				MTL_FAST_MATH = YES;
				SDKROOT = iphoneos;
				SWIFT_COMPILATION_MODE = wholemodule;
				VALIDATE_PRODUCT = YES;
			};
			name = Release;
		};
		DEBEF9A72BDBE5EA00812B6E /* Debug */ = {
			isa = XCBuildConfiguration;
			buildSettings = {
				ASSETCATALOG_COMPILER_APPICON_NAME = AppIcon;
				ASSETCATALOG_COMPILER_GLOBAL_ACCENT_COLOR_NAME = AccentColor;
				CODE_SIGN_STYLE = Automatic;
				CURRENT_PROJECT_VERSION = 1;
				DEVELOPMENT_ASSET_PATHS = "\"swift-studies/Preview Content\"";
				DEVELOPMENT_TEAM = 76MDKY37CZ;
				ENABLE_PREVIEWS = YES;
				GENERATE_INFOPLIST_FILE = YES;
				INFOPLIST_KEY_UIApplicationSceneManifest_Generation = YES;
				INFOPLIST_KEY_UIApplicationSupportsIndirectInputEvents = YES;
				INFOPLIST_KEY_UILaunchScreen_Generation = YES;
				INFOPLIST_KEY_UISupportedInterfaceOrientations_iPad = "UIInterfaceOrientationPortrait UIInterfaceOrientationPortraitUpsideDown UIInterfaceOrientationLandscapeLeft UIInterfaceOrientationLandscapeRight";
				INFOPLIST_KEY_UISupportedInterfaceOrientations_iPhone = "UIInterfaceOrientationPortrait UIInterfaceOrientationLandscapeLeft UIInterfaceOrientationLandscapeRight";
				LD_RUNPATH_SEARCH_PATHS = (
					"$(inherited)",
					"@executable_path/Frameworks",
				);
				MARKETING_VERSION = 1.0;
				PRODUCT_BUNDLE_IDENTIFIER = "com.laura.swift-studies";
				PRODUCT_NAME = "$(TARGET_NAME)";
				SWIFT_EMIT_LOC_STRINGS = YES;
				SWIFT_VERSION = 5.0;
				TARGETED_DEVICE_FAMILY = "1,2";
			};
			name = Debug;
		};
		DEBEF9A82BDBE5EA00812B6E /* Release */ = {
			isa = XCBuildConfiguration;
			buildSettings = {
				ASSETCATALOG_COMPILER_APPICON_NAME = AppIcon;
				ASSETCATALOG_COMPILER_GLOBAL_ACCENT_COLOR_NAME = AccentColor;
				CODE_SIGN_STYLE = Automatic;
				CURRENT_PROJECT_VERSION = 1;
				DEVELOPMENT_ASSET_PATHS = "\"swift-studies/Preview Content\"";
				DEVELOPMENT_TEAM = 76MDKY37CZ;
				ENABLE_PREVIEWS = YES;
				GENERATE_INFOPLIST_FILE = YES;
				INFOPLIST_KEY_UIApplicationSceneManifest_Generation = YES;
				INFOPLIST_KEY_UIApplicationSupportsIndirectInputEvents = YES;
				INFOPLIST_KEY_UILaunchScreen_Generation = YES;
				INFOPLIST_KEY_UISupportedInterfaceOrientations_iPad = "UIInterfaceOrientationPortrait UIInterfaceOrientationPortraitUpsideDown UIInterfaceOrientationLandscapeLeft UIInterfaceOrientationLandscapeRight";
				INFOPLIST_KEY_UISupportedInterfaceOrientations_iPhone = "UIInterfaceOrientationPortrait UIInterfaceOrientationLandscapeLeft UIInterfaceOrientationLandscapeRight";
				LD_RUNPATH_SEARCH_PATHS = (
					"$(inherited)",
					"@executable_path/Frameworks",
				);
				MARKETING_VERSION = 1.0;
				PRODUCT_BUNDLE_IDENTIFIER = "com.laura.swift-studies";
				PRODUCT_NAME = "$(TARGET_NAME)";
				SWIFT_EMIT_LOC_STRINGS = YES;
				SWIFT_VERSION = 5.0;
				TARGETED_DEVICE_FAMILY = "1,2";
			};
			name = Release;
		};
/* End XCBuildConfiguration section */

/* Begin XCConfigurationList section */
		DEBEF9932BDBE5E800812B6E /* Build configuration list for PBXProject "swift-studies" */ = {
			isa = XCConfigurationList;
			buildConfigurations = (
				DEBEF9A42BDBE5EA00812B6E /* Debug */,
				DEBEF9A52BDBE5EA00812B6E /* Release */,
			);
			defaultConfigurationIsVisible = 0;
			defaultConfigurationName = Release;
		};
		DEBEF9A62BDBE5EA00812B6E /* Build configuration list for PBXNativeTarget "swift-studies" */ = {
			isa = XCConfigurationList;
			buildConfigurations = (
				DEBEF9A72BDBE5EA00812B6E /* Debug */,
				DEBEF9A82BDBE5EA00812B6E /* Release */,
			);
			defaultConfigurationIsVisible = 0;
			defaultConfigurationName = Release;
		};
/* End XCConfigurationList section */
	};
	rootObject = DEBEF9902BDBE5E800812B6E /* Project object */;
}
